
Microsoft Visual Studio Solution File, Format Version 12.00
# Visual Studio 15
VisualStudioVersion = 15.0.27130.2010
MinimumVisualStudioVersion = 10.0.40219.1
Project("{FAE04EC0-301F-11D3-BF4B-00C04F79EFBC}") = "AzureLists.Api", "AzureLists.Api\AzureLists.Api.csproj", "{5DE82553-2C44-4A87-A6D7-4DCEE26378DC}"
EndProject
Project("{FAE04EC0-301F-11D3-BF4B-00C04F79EFBC}") = "AzureLists.Library", "AzureLists.Library\AzureLists.Library.csproj", "{83CA9DF2-3E51-4404-8901-8A32EFC28304}"
EndProject
Project("{FAE04EC0-301F-11D3-BF4B-00C04F79EFBC}") = "AzureLists.Sql", "AzureLists.Sql\AzureLists.Sql.csproj", "{42D84776-AC57-48E6-A23F-BC4B38A86ACB}"
EndProject
Project("{FAE04EC0-301F-11D3-BF4B-00C04F79EFBC}") = "AzureLists.TableStorage", "AzureLists.TableStorage\AzureLists.TableStorage.csproj", "{2A10343C-4561-4CC4-A538-829ED2B69A48}"
EndProject
Project("{FAE04EC0-301F-11D3-BF4B-00C04F79EFBC}") = "ConsoleApp1", "ConsoleApp1\ConsoleApp1.csproj", "{927488EB-C785-4ED4-9C01-2F266D1C153C}"
EndProject
Global
	GlobalSection(SolutionConfigurationPlatforms) = preSolution
		Debug|Any CPU = Debug|Any CPU
		Release|Any CPU = Release|Any CPU
	EndGlobalSection
	GlobalSection(ProjectConfigurationPlatforms) = postSolution
		{5DE82553-2C44-4A87-A6D7-4DCEE26378DC}.Debug|Any CPU.ActiveCfg = Debug|Any CPU
		{5DE82553-2C44-4A87-A6D7-4DCEE26378DC}.Debug|Any CPU.Build.0 = Debug|Any CPU
		{5DE82553-2C44-4A87-A6D7-4DCEE26378DC}.Release|Any CPU.ActiveCfg = Release|Any CPU
		{5DE82553-2C44-4A87-A6D7-4DCEE26378DC}.Release|Any CPU.Build.0 = Release|Any CPU
		{83CA9DF2-3E51-4404-8901-8A32EFC28304}.Debug|Any CPU.ActiveCfg = Debug|Any CPU
		{83CA9DF2-3E51-4404-8901-8A32EFC28304}.Debug|Any CPU.Build.0 = Debug|Any CPU
		{83CA9DF2-3E51-4404-8901-8A32EFC28304}.Release|Any CPU.ActiveCfg = Release|Any CPU
		{83CA9DF2-3E51-4404-8901-8A32EFC28304}.Release|Any CPU.Build.0 = Release|Any CPU
		{42D84776-AC57-48E6-A23F-BC4B38A86ACB}.Debug|Any CPU.ActiveCfg = Debug|Any CPU
		{42D84776-AC57-48E6-A23F-BC4B38A86ACB}.Debug|Any CPU.Build.0 = Debug|Any CPU
		{42D84776-AC57-48E6-A23F-BC4B38A86ACB}.Release|Any CPU.ActiveCfg = Release|Any CPU
		{42D84776-AC57-48E6-A23F-BC4B38A86ACB}.Release|Any CPU.Build.0 = Release|Any CPU
		{2A10343C-4561-4CC4-A538-829ED2B69A48}.Debug|Any CPU.ActiveCfg = Debug|Any CPU
		{2A10343C-4561-4CC4-A538-829ED2B69A48}.Debug|Any CPU.Build.0 = Debug|Any CPU
		{2A10343C-4561-4CC4-A538-829ED2B69A48}.Release|Any CPU.ActiveCfg = Release|Any CPU
		{2A10343C-4561-4CC4-A538-829ED2B69A48}.Release|Any CPU.Build.0 = Release|Any CPU
		{927488EB-C785-4ED4-9C01-2F266D1C153C}.Debug|Any CPU.ActiveCfg = Debug|Any CPU
		{927488EB-C785-4ED4-9C01-2F266D1C153C}.Debug|Any CPU.Build.0 = Debug|Any CPU
		{927488EB-C785-4ED4-9C01-2F266D1C153C}.Release|Any CPU.ActiveCfg = Release|Any CPU
		{927488EB-C785-4ED4-9C01-2F266D1C153C}.Release|Any CPU.Build.0 = Release|Any CPU
	EndGlobalSection
	GlobalSection(SolutionProperties) = preSolution
		HideSolutionNode = FALSE
	EndGlobalSection
	GlobalSection(ExtensibilityGlobals) = postSolution
		SolutionGuid = {7D122BB3-977D-4E0D-A407-596AD25DE24A}
	EndGlobalSection
EndGlobal
